
Microsoft Visual Studio Solution File, Format Version 12.00
# Visual Studio 14
VisualStudioVersion = 14.0.25420.1
MinimumVisualStudioVersion = 10.0.40219.1
Project("{FAE04EC0-301F-11D3-BF4B-00C04F79EFBC}") = "ReferralSystem", "ReferralSystem\ReferralSystem.csproj", "{6C1AFA88-F39C-4BB3-9D3A-F5EB22D5E936}"
EndProject
Project("{FAE04EC0-301F-11D3-BF4B-00C04F79EFBC}") = "ReferralSystem.ServiceContracts", "ReferralSystem.ServiceContracts\ReferralSystem.ServiceContracts.csproj", "{A83ECD05-F374-45FE-A432-C2EC8A86C300}"
EndProject
Project("{FAE04EC0-301F-11D3-BF4B-00C04F79EFBC}") = "ReferralSystem.Services", "ReferralSystem.Services\ReferralSystem.Services.csproj", "{3D3AE88B-17CA-4612-9EFB-475C29512DF0}"
EndProject
Project("{FAE04EC0-301F-11D3-BF4B-00C04F79EFBC}") = "ReferralSystem.Data", "ReferralSystem.Data\ReferralSystem.Data.csproj", "{FD24DD80-B5FA-44AF-A70C-D28186B5FBA4}"
EndProject
Global
	GlobalSection(SolutionConfigurationPlatforms) = preSolution
		Debug|Any CPU = Debug|Any CPU
		Release|Any CPU = Release|Any CPU
	EndGlobalSection
	GlobalSection(ProjectConfigurationPlatforms) = postSolution
		{6C1AFA88-F39C-4BB3-9D3A-F5EB22D5E936}.Debug|Any CPU.ActiveCfg = Debug|Any CPU
		{6C1AFA88-F39C-4BB3-9D3A-F5EB22D5E936}.Debug|Any CPU.Build.0 = Debug|Any CPU
		{6C1AFA88-F39C-4BB3-9D3A-F5EB22D5E936}.Release|Any CPU.ActiveCfg = Release|Any CPU
		{6C1AFA88-F39C-4BB3-9D3A-F5EB22D5E936}.Release|Any CPU.Build.0 = Release|Any CPU
		{A83ECD05-F374-45FE-A432-C2EC8A86C300}.Debug|Any CPU.ActiveCfg = Debug|Any CPU
		{A83ECD05-F374-45FE-A432-C2EC8A86C300}.Debug|Any CPU.Build.0 = Debug|Any CPU
		{A83ECD05-F374-45FE-A432-C2EC8A86C300}.Release|Any CPU.ActiveCfg = Release|Any CPU
		{A83ECD05-F374-45FE-A432-C2EC8A86C300}.Release|Any CPU.Build.0 = Release|Any CPU
		{3D3AE88B-17CA-4612-9EFB-475C29512DF0}.Debug|Any CPU.ActiveCfg = Debug|Any CPU
		{3D3AE88B-17CA-4612-9EFB-475C29512DF0}.Debug|Any CPU.Build.0 = Debug|Any CPU
		{3D3AE88B-17CA-4612-9EFB-475C29512DF0}.Release|Any CPU.ActiveCfg = Release|Any CPU
		{3D3AE88B-17CA-4612-9EFB-475C29512DF0}.Release|Any CPU.Build.0 = Release|Any CPU
		{FD24DD80-B5FA-44AF-A70C-D28186B5FBA4}.Debug|Any CPU.ActiveCfg = Debug|Any CPU
		{FD24DD80-B5FA-44AF-A70C-D28186B5FBA4}.Debug|Any CPU.Build.0 = Debug|Any CPU
		{FD24DD80-B5FA-44AF-A70C-D28186B5FBA4}.Release|Any CPU.ActiveCfg = Release|Any CPU
		{FD24DD80-B5FA-44AF-A70C-D28186B5FBA4}.Release|Any CPU.Build.0 = Release|Any CPU
	EndGlobalSection
	GlobalSection(SolutionProperties) = preSolution
		HideSolutionNode = FALSE
	EndGlobalSection
	GlobalSection(TeamFoundationVersionControl) = preSolution
		SccNumberOfProjects = 5
		SccEnterpriseProvider = {4CA58AB2-18FA-4F8D-95D4-32DDF27D184C}
		SccTeamFoundationServer = https://purplesquirrel.visualstudio.com/
		SccLocalPath0 = .
		SccProjectUniqueName1 = ReferralSystem.ServiceContracts\\ReferralSystem.ServiceContracts.csproj
		SccProjectName1 = ReferralSystem.ServiceContracts
		SccLocalPath1 = ReferralSystem.ServiceContracts
		SccProjectUniqueName2 = ReferralSystem.Services\\ReferralSystem.Services.csproj
		SccProjectName2 = ReferralSystem.Services
		SccLocalPath2 = ReferralSystem.Services
		SccProjectUniqueName3 = ReferralSystem\\ReferralSystem.csproj
		SccProjectName3 = ReferralSystem
		SccLocalPath3 = ReferralSystem
		SccProjectUniqueName4 = ReferralSystem.Data\\ReferralSystem.Data.csproj
		SccProjectName4 = ReferralSystem.Data
		SccLocalPath4 = ReferralSystem.Data
	EndGlobalSection
EndGlobal
